
Microsoft Visual Studio Solution File, Format Version 12.00
# Visual Studio Version 17
VisualStudioVersion = 17.0.31903.59
MinimumVisualStudioVersion = 10.0.40219.1
Project("{FAE04EC0-301F-11D3-BF4B-00C04F79EFBC}") = "ManipulaVar", "ManipulaVar\ManipulaVar.csproj", "{AF0BD737-720C-4D4E-A04D-D7A5929C83C3}"
EndProject
Project("{FAE04EC0-301F-11D3-BF4B-00C04F79EFBC}") = "Exercicio02", "Exercicio02\Exercicio02.csproj", "{E716DD46-8B6F-413F-B6FB-FA102C4D980C}"
EndProject
Project("{FAE04EC0-301F-11D3-BF4B-00C04F79EFBC}") = "FourSisterAndTheDuckbear", "FourSisterAndTheDuckbear\FourSisterAndTheDuckbear.csproj", "{AE907FE7-0B28-4349-9F46-672266700B20}"
EndProject
Project("{FAE04EC0-301F-11D3-BF4B-00C04F79EFBC}") = "Exercicio03", "Exercicio03\Exercicio03.csproj", "{95B05F20-3480-4CF9-95DE-B542ED583AC8}"
EndProject
Project("{FAE04EC0-301F-11D3-BF4B-00C04F79EFBC}") = "TheDominationKing", "TheDominationKing\TheDominationKing.csproj", "{2DC59C37-92DF-434C-8E26-A981CA7D6207}"
EndProject
Global
	GlobalSection(SolutionConfigurationPlatforms) = preSolution
		Debug|Any CPU = Debug|Any CPU
		Release|Any CPU = Release|Any CPU
	EndGlobalSection
	GlobalSection(SolutionProperties) = preSolution
		HideSolutionNode = FALSE
	EndGlobalSection
	GlobalSection(ProjectConfigurationPlatforms) = postSolution
		{AF0BD737-720C-4D4E-A04D-D7A5929C83C3}.Debug|Any CPU.ActiveCfg = Debug|Any CPU
		{AF0BD737-720C-4D4E-A04D-D7A5929C83C3}.Debug|Any CPU.Build.0 = Debug|Any CPU
		{AF0BD737-720C-4D4E-A04D-D7A5929C83C3}.Release|Any CPU.ActiveCfg = Release|Any CPU
		{AF0BD737-720C-4D4E-A04D-D7A5929C83C3}.Release|Any CPU.Build.0 = Release|Any CPU
		{E716DD46-8B6F-413F-B6FB-FA102C4D980C}.Debug|Any CPU.ActiveCfg = Debug|Any CPU
		{E716DD46-8B6F-413F-B6FB-FA102C4D980C}.Debug|Any CPU.Build.0 = Debug|Any CPU
		{E716DD46-8B6F-413F-B6FB-FA102C4D980C}.Release|Any CPU.ActiveCfg = Release|Any CPU
		{E716DD46-8B6F-413F-B6FB-FA102C4D980C}.Release|Any CPU.Build.0 = Release|Any CPU
		{AE907FE7-0B28-4349-9F46-672266700B20}.Debug|Any CPU.ActiveCfg = Debug|Any CPU
		{AE907FE7-0B28-4349-9F46-672266700B20}.Debug|Any CPU.Build.0 = Debug|Any CPU
		{AE907FE7-0B28-4349-9F46-672266700B20}.Release|Any CPU.ActiveCfg = Release|Any CPU
		{AE907FE7-0B28-4349-9F46-672266700B20}.Release|Any CPU.Build.0 = Release|Any CPU
		{95B05F20-3480-4CF9-95DE-B542ED583AC8}.Debug|Any CPU.ActiveCfg = Debug|Any CPU
		{95B05F20-3480-4CF9-95DE-B542ED583AC8}.Debug|Any CPU.Build.0 = Debug|Any CPU
		{95B05F20-3480-4CF9-95DE-B542ED583AC8}.Release|Any CPU.ActiveCfg = Release|Any CPU
		{95B05F20-3480-4CF9-95DE-B542ED583AC8}.Release|Any CPU.Build.0 = Release|Any CPU
		{2DC59C37-92DF-434C-8E26-A981CA7D6207}.Debug|Any CPU.ActiveCfg = Debug|Any CPU
		{2DC59C37-92DF-434C-8E26-A981CA7D6207}.Debug|Any CPU.Build.0 = Debug|Any CPU
		{2DC59C37-92DF-434C-8E26-A981CA7D6207}.Release|Any CPU.ActiveCfg = Release|Any CPU
		{2DC59C37-92DF-434C-8E26-A981CA7D6207}.Release|Any CPU.Build.0 = Release|Any CPU
	EndGlobalSection
EndGlobal
